
Microsoft Visual Studio Solution File, Format Version 12.00
# Visual Studio Version 17
VisualStudioVersion = 17.10.35122.118
MinimumVisualStudioVersion = 10.0.40219.1
Project("{9A19103F-16F7-4668-BE54-9A1E7A4F7556}") = "akbike86.Math", "akbike86.Math\akbike86.Math.csproj", "{1CA8F57E-A3C7-4764-BB0C-96C0A9EA4C4D}"
EndProject
Project("{9A19103F-16F7-4668-BE54-9A1E7A4F7556}") = "akbike86.Math.Test", "akbike86.Math.Test\akbike86.Math.Test.csproj", "{482258A0-1AE5-49AA-A615-BAF7A9DC2D8E}"
EndProject
Project("{9A19103F-16F7-4668-BE54-9A1E7A4F7556}") = "akbike86.Zodiac", "akbike86.Zodiac\akbike86.Zodiac.csproj", "{B6CC86D5-F2AF-431F-AB5D-C97B28F3438E}"
EndProject
Project("{9A19103F-16F7-4668-BE54-9A1E7A4F7556}") = "Numerics", "..\ref\mathnet-numerics\src\Numerics\Numerics.csproj", "{3BA4C268-49B4-4AB7-86AC-3A4AA97B6E4D}"
EndProject
Project("{FAE04EC0-301F-11D3-BF4B-00C04F79EFBC}") = "akbike86.tactics.core", "akbike86.tactics.core\akbike86.tactics.core.csproj", "{4D92088E-F1A8-4D98-96CF-7CA09DD58E69}"
EndProject
Global
	GlobalSection(SolutionConfigurationPlatforms) = preSolution
		Debug|Any CPU = Debug|Any CPU
		Release|Any CPU = Release|Any CPU
	EndGlobalSection
	GlobalSection(ProjectConfigurationPlatforms) = postSolution
		{1CA8F57E-A3C7-4764-BB0C-96C0A9EA4C4D}.Debug|Any CPU.ActiveCfg = Debug|Any CPU
		{1CA8F57E-A3C7-4764-BB0C-96C0A9EA4C4D}.Debug|Any CPU.Build.0 = Debug|Any CPU
		{1CA8F57E-A3C7-4764-BB0C-96C0A9EA4C4D}.Release|Any CPU.ActiveCfg = Release|Any CPU
		{1CA8F57E-A3C7-4764-BB0C-96C0A9EA4C4D}.Release|Any CPU.Build.0 = Release|Any CPU
		{482258A0-1AE5-49AA-A615-BAF7A9DC2D8E}.Debug|Any CPU.ActiveCfg = Debug|Any CPU
		{482258A0-1AE5-49AA-A615-BAF7A9DC2D8E}.Debug|Any CPU.Build.0 = Debug|Any CPU
		{482258A0-1AE5-49AA-A615-BAF7A9DC2D8E}.Release|Any CPU.ActiveCfg = Release|Any CPU
		{482258A0-1AE5-49AA-A615-BAF7A9DC2D8E}.Release|Any CPU.Build.0 = Release|Any CPU
		{B6CC86D5-F2AF-431F-AB5D-C97B28F3438E}.Debug|Any CPU.ActiveCfg = Debug|Any CPU
		{B6CC86D5-F2AF-431F-AB5D-C97B28F3438E}.Debug|Any CPU.Build.0 = Debug|Any CPU
		{B6CC86D5-F2AF-431F-AB5D-C97B28F3438E}.Release|Any CPU.ActiveCfg = Release|Any CPU
		{B6CC86D5-F2AF-431F-AB5D-C97B28F3438E}.Release|Any CPU.Build.0 = Release|Any CPU
		{3BA4C268-49B4-4AB7-86AC-3A4AA97B6E4D}.Debug|Any CPU.ActiveCfg = Debug|Any CPU
		{3BA4C268-49B4-4AB7-86AC-3A4AA97B6E4D}.Debug|Any CPU.Build.0 = Debug|Any CPU
		{3BA4C268-49B4-4AB7-86AC-3A4AA97B6E4D}.Release|Any CPU.ActiveCfg = Release|Any CPU
		{3BA4C268-49B4-4AB7-86AC-3A4AA97B6E4D}.Release|Any CPU.Build.0 = Release|Any CPU
		{4D92088E-F1A8-4D98-96CF-7CA09DD58E69}.Debug|Any CPU.ActiveCfg = Debug|Any CPU
		{4D92088E-F1A8-4D98-96CF-7CA09DD58E69}.Debug|Any CPU.Build.0 = Debug|Any CPU
		{4D92088E-F1A8-4D98-96CF-7CA09DD58E69}.Release|Any CPU.ActiveCfg = Release|Any CPU
		{4D92088E-F1A8-4D98-96CF-7CA09DD58E69}.Release|Any CPU.Build.0 = Release|Any CPU
	EndGlobalSection
	GlobalSection(SolutionProperties) = preSolution
		HideSolutionNode = FALSE
	EndGlobalSection
	GlobalSection(ExtensibilityGlobals) = postSolution
		SolutionGuid = {3142DE96-16AC-4E66-92C2-3CD8867A4E84}
	EndGlobalSection
EndGlobal
